
Microsoft Visual Studio Solution File, Format Version 12.00
# Visual Studio Version 17
VisualStudioVersion = 17.14.36414.22 d17.14
MinimumVisualStudioVersion = 10.0.40219.1
Project("{FAE04EC0-301F-11D3-BF4B-00C04F79EFBC}") = "MvcDB", "MvcDB\MvcDB.csproj", "{A88843B2-AFE1-478B-8BE6-8096D5219367}"
EndProject
Global
	GlobalSection(SolutionConfigurationPlatforms) = preSolution
		Debug|Any CPU = Debug|Any CPU
		Release|Any CPU = Release|Any CPU
	EndGlobalSection
	GlobalSection(ProjectConfigurationPlatforms) = postSolution
		{A88843B2-AFE1-478B-8BE6-8096D5219367}.Debug|Any CPU.ActiveCfg = Debug|Any CPU
		{A88843B2-AFE1-478B-8BE6-8096D5219367}.Debug|Any CPU.Build.0 = Debug|Any CPU
		{A88843B2-AFE1-478B-8BE6-8096D5219367}.Release|Any CPU.ActiveCfg = Release|Any CPU
		{A88843B2-AFE1-478B-8BE6-8096D5219367}.Release|Any CPU.Build.0 = Release|Any CPU
	EndGlobalSection
	GlobalSection(SolutionProperties) = preSolution
		HideSolutionNode = FALSE
	EndGlobalSection
	GlobalSection(ExtensibilityGlobals) = postSolution
		SolutionGuid = {EFBA7FDB-9670-4E45-9F3E-7D9616CC725B}
	EndGlobalSection
EndGlobal
